
Microsoft Visual Studio Solution File, Format Version 12.00
Project("{FAE04EC0-301F-11D3-BF4B-00C04F79EFBC}") = "Cs-bacic-to-intermideate", "Cs-bacic-to-intermideate.csproj", "{F169616C-B944-4E89-BCDA-121C0496D2A4}"
EndProject
Global
	GlobalSection(SolutionConfigurationPlatforms) = preSolution
		Debug|Any CPU = Debug|Any CPU
		Release|Any CPU = Release|Any CPU
	EndGlobalSection
	GlobalSection(ProjectConfigurationPlatforms) = postSolution
		{F169616C-B944-4E89-BCDA-121C0496D2A4}.Debug|Any CPU.ActiveCfg = Debug|Any CPU
		{F169616C-B944-4E89-BCDA-121C0496D2A4}.Debug|Any CPU.Build.0 = Debug|Any CPU
		{F169616C-B944-4E89-BCDA-121C0496D2A4}.Release|Any CPU.ActiveCfg = Release|Any CPU
		{F169616C-B944-4E89-BCDA-121C0496D2A4}.Release|Any CPU.Build.0 = Release|Any CPU
	EndGlobalSection
	GlobalSection(NestedProjects) = preSolution
	EndGlobalSection
EndGlobal
